
Microsoft Visual Studio Solution File, Format Version 12.00
# Visual Studio Version 17
VisualStudioVersion = 17.13.35931.197 d17.13
MinimumVisualStudioVersion = 10.0.40219.1
Project("{FAE04EC0-301F-11D3-BF4B-00C04F79EFBC}") = "WpfAppISRPO", "WpfAppISRPO.csproj", "{AEEFFB5A-1F2F-4D35-B29C-FE15C6DB1750}"
EndProject
Global
	GlobalSection(SolutionConfigurationPlatforms) = preSolution
		Debug|Any CPU = Debug|Any CPU
		Release|Any CPU = Release|Any CPU
	EndGlobalSection
	GlobalSection(ProjectConfigurationPlatforms) = postSolution
		{AEEFFB5A-1F2F-4D35-B29C-FE15C6DB1750}.Debug|Any CPU.ActiveCfg = Debug|Any CPU
		{AEEFFB5A-1F2F-4D35-B29C-FE15C6DB1750}.Debug|Any CPU.Build.0 = Debug|Any CPU
		{AEEFFB5A-1F2F-4D35-B29C-FE15C6DB1750}.Release|Any CPU.ActiveCfg = Release|Any CPU
		{AEEFFB5A-1F2F-4D35-B29C-FE15C6DB1750}.Release|Any CPU.Build.0 = Release|Any CPU
	EndGlobalSection
	GlobalSection(SolutionProperties) = preSolution
		HideSolutionNode = FALSE
	EndGlobalSection
	GlobalSection(ExtensibilityGlobals) = postSolution
		SolutionGuid = {CF59EB01-1A7D-4B01-BD11-273C2625F826}
	EndGlobalSection
EndGlobal
